
Microsoft Visual Studio Solution File, Format Version 11.00
# Visual Studio 2010
Project("{F184B08F-C81C-45F6-A57F-5ABD9991F28F}") = "MazeGame", "MazeGame\MazeGame.vbproj", "{43ECABDB-FE32-4008-98E6-2C588F54A51E}"
EndProject
Global
	GlobalSection(SolutionConfigurationPlatforms) = preSolution
		Debug|x86 = Debug|x86
		Release|x86 = Release|x86
	EndGlobalSection
	GlobalSection(ProjectConfigurationPlatforms) = postSolution
		{43ECABDB-FE32-4008-98E6-2C588F54A51E}.Debug|x86.ActiveCfg = Debug|x86
		{43ECABDB-FE32-4008-98E6-2C588F54A51E}.Debug|x86.Build.0 = Debug|x86
		{43ECABDB-FE32-4008-98E6-2C588F54A51E}.Release|x86.ActiveCfg = Release|x86
		{43ECABDB-FE32-4008-98E6-2C588F54A51E}.Release|x86.Build.0 = Release|x86
	EndGlobalSection
	GlobalSection(SolutionProperties) = preSolution
		HideSolutionNode = FALSE
	EndGlobalSection
EndGlobal
